// !$*UTF8*$!
{
	archiveVersion = 1;
	classes = {
	};
	objectVersion = 46;
	objects = {

/* Begin PBXBuildFile section */
		68F0EF4EB9D9D55BF4580F2F /* Pods_PicPong.framework in Frameworks */ = {isa = PBXBuildFile; fileRef = 1B8EC9ECC3084D6654E4DB61 /* Pods_PicPong.framework */; };
		930E142A1C7D2DB900732CA0 /* PongCollectionView.swift in Sources */ = {isa = PBXBuildFile; fileRef = 930E14291C7D2DB900732CA0 /* PongCollectionView.swift */; };
		930E142C1C7D2E0000732CA0 /* PongIterationView.swift in Sources */ = {isa = PBXBuildFile; fileRef = 930E142B1C7D2E0000732CA0 /* PongIterationView.swift */; };
		930E142E1C7D2E2800732CA0 /* EditPongViewController.swift in Sources */ = {isa = PBXBuildFile; fileRef = 930E142D1C7D2E2800732CA0 /* EditPongViewController.swift */; };
		930E14301C7D3ABE00732CA0 /* PongCell.swift in Sources */ = {isa = PBXBuildFile; fileRef = 930E142F1C7D3ABE00732CA0 /* PongCell.swift */; };
		930E14321C7D3AF400732CA0 /* PongIterationCell.swift in Sources */ = {isa = PBXBuildFile; fileRef = 930E14311C7D3AF400732CA0 /* PongIterationCell.swift */; };
		930E14341C7D3B7700732CA0 /* TaggedCell.swift in Sources */ = {isa = PBXBuildFile; fileRef = 930E14331C7D3B7700732CA0 /* TaggedCell.swift */; };
		930E14361C7E709D00732CA0 /* DrawingView.swift in Sources */ = {isa = PBXBuildFile; fileRef = 930E14351C7E709D00732CA0 /* DrawingView.swift */; };
		930E14381C7EB63300732CA0 /* SignUpViewController.swift in Sources */ = {isa = PBXBuildFile; fileRef = 930E14371C7EB63300732CA0 /* SignUpViewController.swift */; };
		930E143A1C7F8F9B00732CA0 /* Player.swift in Sources */ = {isa = PBXBuildFile; fileRef = 930E14391C7F8F9B00732CA0 /* Player.swift */; };
		930E143C1C7F942500732CA0 /* Photo.swift in Sources */ = {isa = PBXBuildFile; fileRef = 930E143B1C7F942500732CA0 /* Photo.swift */; };
		934574DC1C7A7A9200681FD9 /* AppDelegate.swift in Sources */ = {isa = PBXBuildFile; fileRef = 934574DB1C7A7A9200681FD9 /* AppDelegate.swift */; };
		934574E31C7A7A9200681FD9 /* Assets.xcassets in Resources */ = {isa = PBXBuildFile; fileRef = 934574E21C7A7A9200681FD9 /* Assets.xcassets */; };
		934574E61C7A7A9200681FD9 /* LaunchScreen.storyboard in Resources */ = {isa = PBXBuildFile; fileRef = 934574E41C7A7A9200681FD9 /* LaunchScreen.storyboard */; };
		934574F11C7A7A9200681FD9 /* PicPongTests.swift in Sources */ = {isa = PBXBuildFile; fileRef = 934574F01C7A7A9200681FD9 /* PicPongTests.swift */; };
		934574FC1C7A7A9200681FD9 /* PicPongUITests.swift in Sources */ = {isa = PBXBuildFile; fileRef = 934574FB1C7A7A9200681FD9 /* PicPongUITests.swift */; };
		934575121C7BAD4500681FD9 /* Pong.swift in Sources */ = {isa = PBXBuildFile; fileRef = 934575111C7BAD4500681FD9 /* Pong.swift */; };
		934575191C7BB8A900681FD9 /* MainSelectionView.swift in Sources */ = {isa = PBXBuildFile; fileRef = 934575181C7BB8A900681FD9 /* MainSelectionView.swift */; };
		934575201C7BFCF600681FD9 /* Constant.swift in Sources */ = {isa = PBXBuildFile; fileRef = 9345751F1C7BFCF600681FD9 /* Constant.swift */; };
		934575261C7D27A700681FD9 /* DesignSprint.storyboard in Resources */ = {isa = PBXBuildFile; fileRef = 934575251C7D27A700681FD9 /* DesignSprint.storyboard */; };
/* End PBXBuildFile section */

/* Begin PBXContainerItemProxy section */
		934574ED1C7A7A9200681FD9 /* PBXContainerItemProxy */ = {
			isa = PBXContainerItemProxy;
			containerPortal = 934574D01C7A7A9200681FD9 /* Project object */;
			proxyType = 1;
			remoteGlobalIDString = 934574D71C7A7A9200681FD9;
			remoteInfo = PicPong;
		};
		934574F81C7A7A9200681FD9 /* PBXContainerItemProxy */ = {
			isa = PBXContainerItemProxy;
			containerPortal = 934574D01C7A7A9200681FD9 /* Project object */;
			proxyType = 1;
			remoteGlobalIDString = 934574D71C7A7A9200681FD9;
			remoteInfo = PicPong;
		};
/* End PBXContainerItemProxy section */

/* Begin PBXFileReference section */
		1B8EC9ECC3084D6654E4DB61 /* Pods_PicPong.framework */ = {isa = PBXFileReference; explicitFileType = wrapper.framework; includeInIndex = 0; path = Pods_PicPong.framework; sourceTree = BUILT_PRODUCTS_DIR; };
		78DA2BFF80CBE74EA9B42935 /* Pods-PicPong.release.xcconfig */ = {isa = PBXFileReference; includeInIndex = 1; lastKnownFileType = text.xcconfig; name = "Pods-PicPong.release.xcconfig"; path = "Pods/Target Support Files/Pods-PicPong/Pods-PicPong.release.xcconfig"; sourceTree = "<group>"; };
		930E14291C7D2DB900732CA0 /* PongCollectionView.swift */ = {isa = PBXFileReference; fileEncoding = 4; lastKnownFileType = sourcecode.swift; path = PongCollectionView.swift; sourceTree = "<group>"; };
		930E142B1C7D2E0000732CA0 /* PongIterationView.swift */ = {isa = PBXFileReference; fileEncoding = 4; lastKnownFileType = sourcecode.swift; path = PongIterationView.swift; sourceTree = "<group>"; };
		930E142D1C7D2E2800732CA0 /* EditPongViewController.swift */ = {isa = PBXFileReference; fileEncoding = 4; lastKnownFileType = sourcecode.swift; path = EditPongViewController.swift; sourceTree = "<group>"; };
		930E142F1C7D3ABE00732CA0 /* PongCell.swift */ = {isa = PBXFileReference; fileEncoding = 4; lastKnownFileType = sourcecode.swift; path = PongCell.swift; sourceTree = "<group>"; };
		930E14311C7D3AF400732CA0 /* PongIterationCell.swift */ = {isa = PBXFileReference; fileEncoding = 4; lastKnownFileType = sourcecode.swift; path = PongIterationCell.swift; sourceTree = "<group>"; };
		930E14331C7D3B7700732CA0 /* TaggedCell.swift */ = {isa = PBXFileReference; fileEncoding = 4; lastKnownFileType = sourcecode.swift; path = TaggedCell.swift; sourceTree = "<group>"; };
		930E14351C7E709D00732CA0 /* DrawingView.swift */ = {isa = PBXFileReference; fileEncoding = 4; lastKnownFileType = sourcecode.swift; path = DrawingView.swift; sourceTree = "<group>"; };
		930E14371C7EB63300732CA0 /* SignUpViewController.swift */ = {isa = PBXFileReference; fileEncoding = 4; lastKnownFileType = sourcecode.swift; path = SignUpViewController.swift; sourceTree = "<group>"; };
		930E14391C7F8F9B00732CA0 /* Player.swift */ = {isa = PBXFileReference; fileEncoding = 4; lastKnownFileType = sourcecode.swift; path = Player.swift; sourceTree = "<group>"; };
		930E143B1C7F942500732CA0 /* Photo.swift */ = {isa = PBXFileReference; fileEncoding = 4; lastKnownFileType = sourcecode.swift; path = Photo.swift; sourceTree = "<group>"; };
		934574D81C7A7A9200681FD9 /* PicPong.app */ = {isa = PBXFileReference; explicitFileType = wrapper.application; includeInIndex = 0; path = PicPong.app; sourceTree = BUILT_PRODUCTS_DIR; };
		934574DB1C7A7A9200681FD9 /* AppDelegate.swift */ = {isa = PBXFileReference; lastKnownFileType = sourcecode.swift; path = AppDelegate.swift; sourceTree = "<group>"; };
		934574E21C7A7A9200681FD9 /* Assets.xcassets */ = {isa = PBXFileReference; lastKnownFileType = folder.assetcatalog; path = Assets.xcassets; sourceTree = "<group>"; };
		934574E51C7A7A9200681FD9 /* Base */ = {isa = PBXFileReference; lastKnownFileType = file.storyboard; name = Base; path = Base.lproj/LaunchScreen.storyboard; sourceTree = "<group>"; };
		934574E71C7A7A9200681FD9 /* Info.plist */ = {isa = PBXFileReference; lastKnownFileType = text.plist.xml; path = Info.plist; sourceTree = "<group>"; };
		934574EC1C7A7A9200681FD9 /* PicPongTests.xctest */ = {isa = PBXFileReference; explicitFileType = wrapper.cfbundle; includeInIndex = 0; path = PicPongTests.xctest; sourceTree = BUILT_PRODUCTS_DIR; };
		934574F01C7A7A9200681FD9 /* PicPongTests.swift */ = {isa = PBXFileReference; lastKnownFileType = sourcecode.swift; path = PicPongTests.swift; sourceTree = "<group>"; };
		934574F21C7A7A9200681FD9 /* Info.plist */ = {isa = PBXFileReference; lastKnownFileType = text.plist.xml; path = Info.plist; sourceTree = "<group>"; };
		934574F71C7A7A9200681FD9 /* PicPongUITests.xctest */ = {isa = PBXFileReference; explicitFileType = wrapper.cfbundle; includeInIndex = 0; path = PicPongUITests.xctest; sourceTree = BUILT_PRODUCTS_DIR; };
		934574FB1C7A7A9200681FD9 /* PicPongUITests.swift */ = {isa = PBXFileReference; lastKnownFileType = sourcecode.swift; path = PicPongUITests.swift; sourceTree = "<group>"; };
		934574FD1C7A7A9200681FD9 /* Info.plist */ = {isa = PBXFileReference; lastKnownFileType = text.plist.xml; path = Info.plist; sourceTree = "<group>"; };
		934575111C7BAD4500681FD9 /* Pong.swift */ = {isa = PBXFileReference; fileEncoding = 4; lastKnownFileType = sourcecode.swift; path = Pong.swift; sourceTree = "<group>"; };
		934575181C7BB8A900681FD9 /* MainSelectionView.swift */ = {isa = PBXFileReference; fileEncoding = 4; lastKnownFileType = sourcecode.swift; path = MainSelectionView.swift; sourceTree = "<group>"; };
		9345751F1C7BFCF600681FD9 /* Constant.swift */ = {isa = PBXFileReference; fileEncoding = 4; lastKnownFileType = sourcecode.swift; path = Constant.swift; sourceTree = "<group>"; };
		934575251C7D27A700681FD9 /* DesignSprint.storyboard */ = {isa = PBXFileReference; fileEncoding = 4; lastKnownFileType = file.storyboard; path = DesignSprint.storyboard; sourceTree = "<group>"; };
		A8888C5378C6CF45FAB033CA /* Pods-PicPong.debug.xcconfig */ = {isa = PBXFileReference; includeInIndex = 1; lastKnownFileType = text.xcconfig; name = "Pods-PicPong.debug.xcconfig"; path = "Pods/Target Support Files/Pods-PicPong/Pods-PicPong.debug.xcconfig"; sourceTree = "<group>"; };
/* End PBXFileReference section */

/* Begin PBXFrameworksBuildPhase section */
		934574D51C7A7A9200681FD9 /* Frameworks */ = {
			isa = PBXFrameworksBuildPhase;
			buildActionMask = 2147483647;
			files = (
				68F0EF4EB9D9D55BF4580F2F /* Pods_PicPong.framework in Frameworks */,
			);
			runOnlyForDeploymentPostprocessing = 0;
		};
		934574E91C7A7A9200681FD9 /* Frameworks */ = {
			isa = PBXFrameworksBuildPhase;
			buildActionMask = 2147483647;
			files = (
			);
			runOnlyForDeploymentPostprocessing = 0;
		};
		934574F41C7A7A9200681FD9 /* Frameworks */ = {
			isa = PBXFrameworksBuildPhase;
			buildActionMask = 2147483647;
			files = (
			);
			runOnlyForDeploymentPostprocessing = 0;
		};
/* End PBXFrameworksBuildPhase section */

/* Begin PBXGroup section */
		6781330AF3FE492F85622A3E /* Frameworks */ = {
			isa = PBXGroup;
			children = (
				1B8EC9ECC3084D6654E4DB61 /* Pods_PicPong.framework */,
			);
			name = Frameworks;
			sourceTree = "<group>";
		};
		934574CF1C7A7A9200681FD9 = {
			isa = PBXGroup;
			children = (
				934574DA1C7A7A9200681FD9 /* PicPong */,
				934574EF1C7A7A9200681FD9 /* PicPongTests */,
				934574FA1C7A7A9200681FD9 /* PicPongUITests */,
				934574D91C7A7A9200681FD9 /* Products */,
				E6FFFED4EB407D88112559D2 /* Pods */,
				6781330AF3FE492F85622A3E /* Frameworks */,
			);
			sourceTree = "<group>";
		};
		934574D91C7A7A9200681FD9 /* Products */ = {
			isa = PBXGroup;
			children = (
				934574D81C7A7A9200681FD9 /* PicPong.app */,
				934574EC1C7A7A9200681FD9 /* PicPongTests.xctest */,
				934574F71C7A7A9200681FD9 /* PicPongUITests.xctest */,
			);
			name = Products;
			sourceTree = "<group>";
		};
		934574DA1C7A7A9200681FD9 /* PicPong */ = {
			isa = PBXGroup;
			children = (
				9345751B1C7BBD5500681FD9 /* Controller */,
				934575151C7BB7A000681FD9 /* View */,
				934575161C7BB7CA00681FD9 /* Model */,
				9345751A1C7BBCF300681FD9 /* UI */,
				934575171C7BB7F300681FD9 /* Assets */,
				934574E71C7A7A9200681FD9 /* Info.plist */,
			);
			path = PicPong;
			sourceTree = "<group>";
		};
		934574EF1C7A7A9200681FD9 /* PicPongTests */ = {
			isa = PBXGroup;
			children = (
				934574F01C7A7A9200681FD9 /* PicPongTests.swift */,
				934574F21C7A7A9200681FD9 /* Info.plist */,
			);
			path = PicPongTests;
			sourceTree = "<group>";
		};
		934574FA1C7A7A9200681FD9 /* PicPongUITests */ = {
			isa = PBXGroup;
			children = (
				934574FB1C7A7A9200681FD9 /* PicPongUITests.swift */,
				934574FD1C7A7A9200681FD9 /* Info.plist */,
			);
			path = PicPongUITests;
			sourceTree = "<group>";
		};
		934575151C7BB7A000681FD9 /* View */ = {
			isa = PBXGroup;
			children = (
				930E142F1C7D3ABE00732CA0 /* PongCell.swift */,
				930E14311C7D3AF400732CA0 /* PongIterationCell.swift */,
				930E14331C7D3B7700732CA0 /* TaggedCell.swift */,
				930E14351C7E709D00732CA0 /* DrawingView.swift */,
			);
			name = View;
			sourceTree = "<group>";
		};
		934575161C7BB7CA00681FD9 /* Model */ = {
			isa = PBXGroup;
			children = (
				934574DB1C7A7A9200681FD9 /* AppDelegate.swift */,
				934575111C7BAD4500681FD9 /* Pong.swift */,
				930E143B1C7F942500732CA0 /* Photo.swift */,
				930E14391C7F8F9B00732CA0 /* Player.swift */,
				9345751F1C7BFCF600681FD9 /* Constant.swift */,
			);
			name = Model;
			sourceTree = "<group>";
		};
		934575171C7BB7F300681FD9 /* Assets */ = {
			isa = PBXGroup;
			children = (
				934574E21C7A7A9200681FD9 /* Assets.xcassets */,
			);
			name = Assets;
			sourceTree = "<group>";
		};
		9345751A1C7BBCF300681FD9 /* UI */ = {
			isa = PBXGroup;
			children = (
				934575251C7D27A700681FD9 /* DesignSprint.storyboard */,
				934574E41C7A7A9200681FD9 /* LaunchScreen.storyboard */,
			);
			name = UI;
			sourceTree = "<group>";
		};
		9345751B1C7BBD5500681FD9 /* Controller */ = {
			isa = PBXGroup;
			children = (
				934575181C7BB8A900681FD9 /* MainSelectionView.swift */,
				930E142D1C7D2E2800732CA0 /* EditPongViewController.swift */,
				930E14291C7D2DB900732CA0 /* PongCollectionView.swift */,
				930E142B1C7D2E0000732CA0 /* PongIterationView.swift */,
				930E14371C7EB63300732CA0 /* SignUpViewController.swift */,
			);
			name = Controller;
			sourceTree = "<group>";
		};
		E6FFFED4EB407D88112559D2 /* Pods */ = {
			isa = PBXGroup;
			children = (
				A8888C5378C6CF45FAB033CA /* Pods-PicPong.debug.xcconfig */,
				78DA2BFF80CBE74EA9B42935 /* Pods-PicPong.release.xcconfig */,
			);
			name = Pods;
			sourceTree = "<group>";
		};
/* End PBXGroup section */

/* Begin PBXNativeTarget section */
		934574D71C7A7A9200681FD9 /* PicPong */ = {
			isa = PBXNativeTarget;
			buildConfigurationList = 934575001C7A7A9200681FD9 /* Build configuration list for PBXNativeTarget "PicPong" */;
			buildPhases = (
				63C66BAE7A73A17C8B4FAC89 /* Check Pods Manifest.lock */,
				934574D41C7A7A9200681FD9 /* Sources */,
				934574D51C7A7A9200681FD9 /* Frameworks */,
				934574D61C7A7A9200681FD9 /* Resources */,
				94B4706D265A5A678375F642 /* Embed Pods Frameworks */,
				6985E2DF58195AF8A68A63A5 /* Copy Pods Resources */,
			);
			buildRules = (
			);
			dependencies = (
			);
			name = PicPong;
			productName = PicPong;
			productReference = 934574D81C7A7A9200681FD9 /* PicPong.app */;
			productType = "com.apple.product-type.application";
		};
		934574EB1C7A7A9200681FD9 /* PicPongTests */ = {
			isa = PBXNativeTarget;
			buildConfigurationList = 934575031C7A7A9200681FD9 /* Build configuration list for PBXNativeTarget "PicPongTests" */;
			buildPhases = (
				934574E81C7A7A9200681FD9 /* Sources */,
				934574E91C7A7A9200681FD9 /* Frameworks */,
				934574EA1C7A7A9200681FD9 /* Resources */,
			);
			buildRules = (
			);
			dependencies = (
				934574EE1C7A7A9200681FD9 /* PBXTargetDependency */,
			);
			name = PicPongTests;
			productName = PicPongTests;
			productReference = 934574EC1C7A7A9200681FD9 /* PicPongTests.xctest */;
			productType = "com.apple.product-type.bundle.unit-test";
		};
		934574F61C7A7A9200681FD9 /* PicPongUITests */ = {
			isa = PBXNativeTarget;
			buildConfigurationList = 934575061C7A7A9200681FD9 /* Build configuration list for PBXNativeTarget "PicPongUITests" */;
			buildPhases = (
				934574F31C7A7A9200681FD9 /* Sources */,
				934574F41C7A7A9200681FD9 /* Frameworks */,
				934574F51C7A7A9200681FD9 /* Resources */,
			);
			buildRules = (
			);
			dependencies = (
				934574F91C7A7A9200681FD9 /* PBXTargetDependency */,
			);
			name = PicPongUITests;
			productName = PicPongUITests;
			productReference = 934574F71C7A7A9200681FD9 /* PicPongUITests.xctest */;
			productType = "com.apple.product-type.bundle.ui-testing";
		};
/* End PBXNativeTarget section */

/* Begin PBXProject section */
		934574D01C7A7A9200681FD9 /* Project object */ = {
			isa = PBXProject;
			attributes = {
				LastSwiftUpdateCheck = 0720;
				LastUpgradeCheck = 0720;
				ORGANIZATIONNAME = "Benson Huynh";
				TargetAttributes = {
					934574D71C7A7A9200681FD9 = {
						CreatedOnToolsVersion = 7.2.1;
						DevelopmentTeam = Q4XP3UEQ6Q;
					};
					934574EB1C7A7A9200681FD9 = {
						CreatedOnToolsVersion = 7.2.1;
						DevelopmentTeam = Q4XP3UEQ6Q;
						TestTargetID = 934574D71C7A7A9200681FD9;
					};
					934574F61C7A7A9200681FD9 = {
						CreatedOnToolsVersion = 7.2.1;
						DevelopmentTeam = Q4XP3UEQ6Q;
						TestTargetID = 934574D71C7A7A9200681FD9;
					};
				};
			};
			buildConfigurationList = 934574D31C7A7A9200681FD9 /* Build configuration list for PBXProject "PicPong" */;
			compatibilityVersion = "Xcode 3.2";
			developmentRegion = English;
			hasScannedForEncodings = 0;
			knownRegions = (
				en,
				Base,
			);
			mainGroup = 934574CF1C7A7A9200681FD9;
			productRefGroup = 934574D91C7A7A9200681FD9 /* Products */;
			projectDirPath = "";
			projectRoot = "";
			targets = (
				934574D71C7A7A9200681FD9 /* PicPong */,
				934574EB1C7A7A9200681FD9 /* PicPongTests */,
				934574F61C7A7A9200681FD9 /* PicPongUITests */,
			);
		};
/* End PBXProject section */

/* Begin PBXResourcesBuildPhase section */
		934574D61C7A7A9200681FD9 /* Resources */ = {
			isa = PBXResourcesBuildPhase;
			buildActionMask = 2147483647;
			files = (
				934575261C7D27A700681FD9 /* DesignSprint.storyboard in Resources */,
				934574E61C7A7A9200681FD9 /* LaunchScreen.storyboard in Resources */,
				934574E31C7A7A9200681FD9 /* Assets.xcassets in Resources */,
			);
			runOnlyForDeploymentPostprocessing = 0;
		};
		934574EA1C7A7A9200681FD9 /* Resources */ = {
			isa = PBXResourcesBuildPhase;
			buildActionMask = 2147483647;
			files = (
			);
			runOnlyForDeploymentPostprocessing = 0;
		};
		934574F51C7A7A9200681FD9 /* Resources */ = {
			isa = PBXResourcesBuildPhase;
			buildActionMask = 2147483647;
			files = (
			);
			runOnlyForDeploymentPostprocessing = 0;
		};
/* End PBXResourcesBuildPhase section */

/* Begin PBXShellScriptBuildPhase section */
		63C66BAE7A73A17C8B4FAC89 /* Check Pods Manifest.lock */ = {
			isa = PBXShellScriptBuildPhase;
			buildActionMask = 2147483647;
			files = (
			);
			inputPaths = (
			);
			name = "Check Pods Manifest.lock";
			outputPaths = (
			);
			runOnlyForDeploymentPostprocessing = 0;
			shellPath = /bin/sh;
			shellScript = "diff \"${PODS_ROOT}/../Podfile.lock\" \"${PODS_ROOT}/Manifest.lock\" > /dev/null\nif [[ $? != 0 ]] ; then\n    cat << EOM\nerror: The sandbox is not in sync with the Podfile.lock. Run 'pod install' or update your CocoaPods installation.\nEOM\n    exit 1\nfi\n";
			showEnvVarsInLog = 0;
		};
		6985E2DF58195AF8A68A63A5 /* Copy Pods Resources */ = {
			isa = PBXShellScriptBuildPhase;
			buildActionMask = 2147483647;
			files = (
			);
			inputPaths = (
			);
			name = "Copy Pods Resources";
			outputPaths = (
			);
			runOnlyForDeploymentPostprocessing = 0;
			shellPath = /bin/sh;
			shellScript = "\"${SRCROOT}/Pods/Target Support Files/Pods-PicPong/Pods-PicPong-resources.sh\"\n";
			showEnvVarsInLog = 0;
		};
		94B4706D265A5A678375F642 /* Embed Pods Frameworks */ = {
			isa = PBXShellScriptBuildPhase;
			buildActionMask = 2147483647;
			files = (
			);
			inputPaths = (
			);
			name = "Embed Pods Frameworks";
			outputPaths = (
			);
			runOnlyForDeploymentPostprocessing = 0;
			shellPath = /bin/sh;
			shellScript = "\"${SRCROOT}/Pods/Target Support Files/Pods-PicPong/Pods-PicPong-frameworks.sh\"\n";
			showEnvVarsInLog = 0;
		};
/* End PBXShellScriptBuildPhase section */

/* Begin PBXSourcesBuildPhase section */
		934574D41C7A7A9200681FD9 /* Sources */ = {
			isa = PBXSourcesBuildPhase;
			buildActionMask = 2147483647;
			files = (
				930E143C1C7F942500732CA0 /* Photo.swift in Sources */,
				930E142E1C7D2E2800732CA0 /* EditPongViewController.swift in Sources */,
				934575201C7BFCF600681FD9 /* Constant.swift in Sources */,
				930E14321C7D3AF400732CA0 /* PongIterationCell.swift in Sources */,
				934575121C7BAD4500681FD9 /* Pong.swift in Sources */,
				930E142C1C7D2E0000732CA0 /* PongIterationView.swift in Sources */,
				930E143A1C7F8F9B00732CA0 /* Player.swift in Sources */,
				934575191C7BB8A900681FD9 /* MainSelectionView.swift in Sources */,
				930E14381C7EB63300732CA0 /* SignUpViewController.swift in Sources */,
				930E14301C7D3ABE00732CA0 /* PongCell.swift in Sources */,
				930E14341C7D3B7700732CA0 /* TaggedCell.swift in Sources */,
				930E142A1C7D2DB900732CA0 /* PongCollectionView.swift in Sources */,
				930E14361C7E709D00732CA0 /* DrawingView.swift in Sources */,
				934574DC1C7A7A9200681FD9 /* AppDelegate.swift in Sources */,
			);
			runOnlyForDeploymentPostprocessing = 0;
		};
		934574E81C7A7A9200681FD9 /* Sources */ = {
			isa = PBXSourcesBuildPhase;
			buildActionMask = 2147483647;
			files = (
				934574F11C7A7A9200681FD9 /* PicPongTests.swift in Sources */,
			);
			runOnlyForDeploymentPostprocessing = 0;
		};
		934574F31C7A7A9200681FD9 /* Sources */ = {
			isa = PBXSourcesBuildPhase;
			buildActionMask = 2147483647;
			files = (
				934574FC1C7A7A9200681FD9 /* PicPongUITests.swift in Sources */,
			);
			runOnlyForDeploymentPostprocessing = 0;
		};
/* End PBXSourcesBuildPhase section */

/* Begin PBXTargetDependency section */
		934574EE1C7A7A9200681FD9 /* PBXTargetDependency */ = {
			isa = PBXTargetDependency;
			target = 934574D71C7A7A9200681FD9 /* PicPong */;
			targetProxy = 934574ED1C7A7A9200681FD9 /* PBXContainerItemProxy */;
		};
		934574F91C7A7A9200681FD9 /* PBXTargetDependency */ = {
			isa = PBXTargetDependency;
			target = 934574D71C7A7A9200681FD9 /* PicPong */;
			targetProxy = 934574F81C7A7A9200681FD9 /* PBXContainerItemProxy */;
		};
/* End PBXTargetDependency section */

/* Begin PBXVariantGroup section */
		934574E41C7A7A9200681FD9 /* LaunchScreen.storyboard */ = {
			isa = PBXVariantGroup;
			children = (
				934574E51C7A7A9200681FD9 /* Base */,
			);
			name = LaunchScreen.storyboard;
			sourceTree = "<group>";
		};
/* End PBXVariantGroup section */

/* Begin XCBuildConfiguration section */
		934574FE1C7A7A9200681FD9 /* Debug */ = {
			isa = XCBuildConfiguration;
			buildSettings = {
				ALWAYS_SEARCH_USER_PATHS = NO;
				CLANG_CXX_LANGUAGE_STANDARD = "gnu++0x";
				CLANG_CXX_LIBRARY = "libc++";
				CLANG_ENABLE_MODULES = YES;
				CLANG_ENABLE_OBJC_ARC = YES;
				CLANG_WARN_BOOL_CONVERSION = YES;
				CLANG_WARN_CONSTANT_CONVERSION = YES;
				CLANG_WARN_DIRECT_OBJC_ISA_USAGE = YES_ERROR;
				CLANG_WARN_EMPTY_BODY = YES;
				CLANG_WARN_ENUM_CONVERSION = YES;
				CLANG_WARN_INT_CONVERSION = YES;
				CLANG_WARN_OBJC_ROOT_CLASS = YES_ERROR;
				CLANG_WARN_UNREACHABLE_CODE = YES;
				CLANG_WARN__DUPLICATE_METHOD_MATCH = YES;
				"CODE_SIGN_IDENTITY[sdk=iphoneos*]" = "iPhone Developer";
				COPY_PHASE_STRIP = NO;
				DEBUG_INFORMATION_FORMAT = dwarf;
				ENABLE_STRICT_OBJC_MSGSEND = YES;
				ENABLE_TESTABILITY = YES;
				GCC_C_LANGUAGE_STANDARD = gnu99;
				GCC_DYNAMIC_NO_PIC = NO;
				GCC_NO_COMMON_BLOCKS = YES;
				GCC_OPTIMIZATION_LEVEL = 0;
				GCC_PREPROCESSOR_DEFINITIONS = (
					"DEBUG=1",
					"$(inherited)",
				);
				GCC_WARN_64_TO_32_BIT_CONVERSION = YES;
				GCC_WARN_ABOUT_RETURN_TYPE = YES_ERROR;
				GCC_WARN_UNDECLARED_SELECTOR = YES;
				GCC_WARN_UNINITIALIZED_AUTOS = YES_AGGRESSIVE;
				GCC_WARN_UNUSED_FUNCTION = YES;
				GCC_WARN_UNUSED_VARIABLE = YES;
				IPHONEOS_DEPLOYMENT_TARGET = 9.2;
				MTL_ENABLE_DEBUG_INFO = YES;
				ONLY_ACTIVE_ARCH = YES;
				SDKROOT = iphoneos;
				SWIFT_OPTIMIZATION_LEVEL = "-Onone";
				TARGETED_DEVICE_FAMILY = "1,2";
			};
			name = Debug;
		};
		934574FF1C7A7A9200681FD9 /* Release */ = {
			isa = XCBuildConfiguration;
			buildSettings = {
				ALWAYS_SEARCH_USER_PATHS = NO;
				CLANG_CXX_LANGUAGE_STANDARD = "gnu++0x";
				CLANG_CXX_LIBRARY = "libc++";
				CLANG_ENABLE_MODULES = YES;
				CLANG_ENABLE_OBJC_ARC = YES;
				CLANG_WARN_BOOL_CONVERSION = YES;
				CLANG_WARN_CONSTANT_CONVERSION = YES;
				CLANG_WARN_DIRECT_OBJC_ISA_USAGE = YES_ERROR;
				CLANG_WARN_EMPTY_BODY = YES;
				CLANG_WARN_ENUM_CONVERSION = YES;
				CLANG_WARN_INT_CONVERSION = YES;
				CLANG_WARN_OBJC_ROOT_CLASS = YES_ERROR;
				CLANG_WARN_UNREACHABLE_CODE = YES;
				CLANG_WARN__DUPLICATE_METHOD_MATCH = YES;
				"CODE_SIGN_IDENTITY[sdk=iphoneos*]" = "iPhone Developer";
				COPY_PHASE_STRIP = NO;
				DEBUG_INFORMATION_FORMAT = "dwarf-with-dsym";
				ENABLE_NS_ASSERTIONS = NO;
				ENABLE_STRICT_OBJC_MSGSEND = YES;
				GCC_C_LANGUAGE_STANDARD = gnu99;
				GCC_NO_COMMON_BLOCKS = YES;
				GCC_WARN_64_TO_32_BIT_CONVERSION = YES;
				GCC_WARN_ABOUT_RETURN_TYPE = YES_ERROR;
				GCC_WARN_UNDECLARED_SELECTOR = YES;
				GCC_WARN_UNINITIALIZED_AUTOS = YES_AGGRESSIVE;
				GCC_WARN_UNUSED_FUNCTION = YES;
				GCC_WARN_UNUSED_VARIABLE = YES;
				IPHONEOS_DEPLOYMENT_TARGET = 9.2;
				MTL_ENABLE_DEBUG_INFO = NO;
				SDKROOT = iphoneos;
				TARGETED_DEVICE_FAMILY = "1,2";
				VALIDATE_PRODUCT = YES;
			};
			name = Release;
		};
		934575011C7A7A9200681FD9 /* Debug */ = {
			isa = XCBuildConfiguration;
			baseConfigurationReference = A8888C5378C6CF45FAB033CA /* Pods-PicPong.debug.xcconfig */;
			buildSettings = {
				ASSETCATALOG_COMPILER_APPICON_NAME = AppIcon;
				INFOPLIST_FILE = PicPong/Info.plist;
				LD_RUNPATH_SEARCH_PATHS = "$(inherited) @executable_path/Frameworks";
				PRODUCT_BUNDLE_IDENTIFIER = ca.lighthouselabs.PicPong;
				PRODUCT_NAME = "$(TARGET_NAME)";
			};
			name = Debug;
		};
		934575021C7A7A9200681FD9 /* Release */ = {
			isa = XCBuildConfiguration;
			baseConfigurationReference = 78DA2BFF80CBE74EA9B42935 /* Pods-PicPong.release.xcconfig */;
			buildSettings = {
				ASSETCATALOG_COMPILER_APPICON_NAME = AppIcon;
				INFOPLIST_FILE = PicPong/Info.plist;
				LD_RUNPATH_SEARCH_PATHS = "$(inherited) @executable_path/Frameworks";
				PRODUCT_BUNDLE_IDENTIFIER = ca.lighthouselabs.PicPong;
				PRODUCT_NAME = "$(TARGET_NAME)";
			};
			name = Release;
		};
		934575041C7A7A9200681FD9 /* Debug */ = {
			isa = XCBuildConfiguration;
			buildSettings = {
				BUNDLE_LOADER = "$(TEST_HOST)";
				INFOPLIST_FILE = PicPongTests/Info.plist;
				LD_RUNPATH_SEARCH_PATHS = "$(inherited) @executable_path/Frameworks @loader_path/Frameworks";
				PRODUCT_BUNDLE_IDENTIFIER = ca.lighthouselabs.PicPongTests;
				PRODUCT_NAME = "$(TARGET_NAME)";
				TEST_HOST = "$(BUILT_PRODUCTS_DIR)/PicPong.app/PicPong";
			};
			name = Debug;
		};
		934575051C7A7A9200681FD9 /* Release */ = {
			isa = XCBuildConfiguration;
			buildSettings = {
				BUNDLE_LOADER = "$(TEST_HOST)";
				INFOPLIST_FILE = PicPongTests/Info.plist;
				LD_RUNPATH_SEARCH_PATHS = "$(inherited) @executable_path/Frameworks @loader_path/Frameworks";
				PRODUCT_BUNDLE_IDENTIFIER = ca.lighthouselabs.PicPongTests;
				PRODUCT_NAME = "$(TARGET_NAME)";
				TEST_HOST = "$(BUILT_PRODUCTS_DIR)/PicPong.app/PicPong";
			};
			name = Release;
		};
		934575071C7A7A9200681FD9 /* Debug */ = {
			isa = XCBuildConfiguration;
			buildSettings = {
				INFOPLIST_FILE = PicPongUITests/Info.plist;
				LD_RUNPATH_SEARCH_PATHS = "$(inherited) @executable_path/Frameworks @loader_path/Frameworks";
				PRODUCT_BUNDLE_IDENTIFIER = ca.lighthouselabs.PicPongUITests;
				PRODUCT_NAME = "$(TARGET_NAME)";
				TEST_TARGET_NAME = PicPong;
				USES_XCTRUNNER = YES;
			};
			name = Debug;
		};
		934575081C7A7A9200681FD9 /* Release */ = {
			isa = XCBuildConfiguration;
			buildSettings = {
				INFOPLIST_FILE = PicPongUITests/Info.plist;
				LD_RUNPATH_SEARCH_PATHS = "$(inherited) @executable_path/Frameworks @loader_path/Frameworks";
				PRODUCT_BUNDLE_IDENTIFIER = ca.lighthouselabs.PicPongUITests;
				PRODUCT_NAME = "$(TARGET_NAME)";
				TEST_TARGET_NAME = PicPong;
				USES_XCTRUNNER = YES;
			};
			name = Release;
		};
/* End XCBuildConfiguration section */

/* Begin XCConfigurationList section */
		934574D31C7A7A9200681FD9 /* Build configuration list for PBXProject "PicPong" */ = {
			isa = XCConfigurationList;
			buildConfigurations = (
				934574FE1C7A7A9200681FD9 /* Debug */,
				934574FF1C7A7A9200681FD9 /* Release */,
			);
			defaultConfigurationIsVisible = 0;
			defaultConfigurationName = Release;
		};
		934575001C7A7A9200681FD9 /* Build configuration list for PBXNativeTarget "PicPong" */ = {
			isa = XCConfigurationList;
			buildConfigurations = (
				934575011C7A7A9200681FD9 /* Debug */,
				934575021C7A7A9200681FD9 /* Release */,
			);
			defaultConfigurationIsVisible = 0;
			defaultConfigurationName = Release;
		};
		934575031C7A7A9200681FD9 /* Build configuration list for PBXNativeTarget "PicPongTests" */ = {
			isa = XCConfigurationList;
			buildConfigurations = (
				934575041C7A7A9200681FD9 /* Debug */,
				934575051C7A7A9200681FD9 /* Release */,
			);
			defaultConfigurationIsVisible = 0;
			defaultConfigurationName = Release;
		};
		934575061C7A7A9200681FD9 /* Build configuration list for PBXNativeTarget "PicPongUITests" */ = {
			isa = XCConfigurationList;
			buildConfigurations = (
				934575071C7A7A9200681FD9 /* Debug */,
				934575081C7A7A9200681FD9 /* Release */,
			);
			defaultConfigurationIsVisible = 0;
			defaultConfigurationName = Release;
		};
/* End XCConfigurationList section */
	};
	rootObject = 934574D01C7A7A9200681FD9 /* Project object */;
}
